<Solution>
  <Folder Name="/BuildingBlocks/">
    <Project Path="BuildingBlocks/Article.Security/Article.Security.csproj" Id="a30c4289-4318-4a73-9557-e0e010a3127e" />
    <Project Path="BuildingBlocks/Articles.Abstractions/Articles.Abstractions.csproj" Id="c749a2fe-6bba-4fe0-b769-369741170c5d" />
    <Project Path="BuildingBlocks/Articles.Grpc.Contracts/Articles.Grpc.Contracts.csproj" Id="de1e5fba-82c6-4643-a014-331e63390973" />
    <Project Path="buildingBlocks/Blocks.Core/Blocks.Core.csproj" Id="f644e397-5758-41ae-bf29-25437bbee8bf" />
    <Project Path="BuildingBlocks/Blocks.Domain/Blocks.Domain.csproj" Id="b5f4b3a4-95b7-4fc9-b9cb-f06dab4804fe" />
    <Project Path="BuildingBlocks/Blocks.EntityFramework/Blocks.EntityFramework.csproj" Id="766730aa-7b22-48da-9b38-f1ea049d8aee" />
    <Project Path="buildingBlocks/Blocks.Exceptions/Blocks.Exceptions.csproj" Id="07840798-ea9e-4d78-8724-7771ea28e0a3" />
    <Project Path="BuildingBlocks/Blocks.MediatR/Blocks.MediatR.csproj" Id="a2dbebdf-4702-4711-a0cd-b036200c4c4a" />
    <Project Path="BuildingBlocks/Blocks.Redis/Blocks.Redis.csproj" Id="c54077dc-5c74-475c-9e61-ce88748c61cb" />
    <Project Path="BuildingBlocks/BlocksAspNetCore/Blocks.AspNetCore.csproj" Id="cbd0f1c8-1188-4cca-8a45-ee0eace6242e" />
  </Folder>
  <Folder Name="/Modules/" />
  <Folder Name="/Modules/EmailService/">
    <Project Path="Modules/EmailService/EmailService.Smtp/EmailService.Smtp.csproj" Id="be5fb947-963e-43f3-b400-ec274230a9af" />
    <Project Path="src/Modules/EmailService/EmailService.Contracts/EmailService.Contracts.csproj" Id="396f61fb-80cb-4886-9c3f-45c17a43517b" />
  </Folder>
  <Folder Name="/Modules/FileStorage/">
    <Project Path="Modules/FileStorage/FileStorage.Contracts/FileStorage.Contracts.csproj" Id="fd3faff1-6d4c-4dc6-b00f-f1a4a9724c26" />
    <Project Path="Modules/FileStorage/FileStorage.MongoGridFS/FileStorage.MongoGridFS.csproj" Id="fc536e93-2d49-4757-afc3-f2d2a611b227" />
  </Folder>
  <Folder Name="/Services/" />
  <Folder Name="/Services/Auth/">
    <Project Path="Services/Auth/Auth.API/Auth.API.csproj" Id="976846d9-a821-413f-8938-fcecfcb83b25" />
    <Project Path="Services/Auth/Auth.Application/Auth.Application.csproj" Id="11f7fafd-0f50-4ad9-82d2-ac33eb908fb6" />
    <Project Path="Services/Auth/Auth.Domain/Auth.Domain.csproj" Id="d1b2cf6b-a9ba-4c2c-b9db-246ebdb5e8e5" />
    <Project Path="Services/Auth/Auth.Persistence/Auth.Persistence.csproj" Id="6c761973-da69-4bf4-927e-6333abfd4e8e" />
  </Folder>
  <Folder Name="/Services/Journals/">
    <Project Path="Services/Journals/Journals.Api/Journals.Api.csproj" Id="40c3fbc8-2aaf-4858-a1c6-9cef983538aa" />
    <Project Path="Services/Journals/Journals.Domain/Journals.Domain.csproj" Id="386540d4-ec5d-42d6-96f0-08179bcacc79" />
    <Project Path="Services/Journals/Journals.Persistence/Journals.Persistence.csproj" Id="38a69bfa-4808-4114-8dc9-68f07c8b2331" />
  </Folder>
  <Folder Name="/Services/Submission/">
    <Project Path="Services/Submission/Submission.API/Submission.API.csproj" Id="288d155b-2868-417e-8d57-d4b247b55fa4" />
    <Project Path="Services/Submission/Submission.Application/Submission.Application.csproj" Id="fb5ad8d4-efc8-4da8-beac-85baa6cd4a6b" />
    <Project Path="Services/Submission/Submission.Domain/Submission.Domain.csproj" Id="c94e1a7d-1652-49bd-8efa-011224b0a5fc" />
    <Project Path="Services/Submission/Submission.Persistence/Submission.Persistence.csproj" Id="da408e98-1aa8-4cb1-b055-059b3f0bf357" />
  </Folder>
</Solution>
